
Microsoft Visual Studio Solution File, Format Version 12.00
# Visual Studio 15
VisualStudioVersion = 15.0.28307.960
MinimumVisualStudioVersion = 10.0.40219.1
Project("{FAE04EC0-301F-11D3-BF4B-00C04F79EFBC}") = "asp.net实训。", "asp.net实训。\asp.net实训。.csproj", "{B4FEE75E-F1EC-4309-8B54-B4556D336A3E}"
EndProject
Global
	GlobalSection(SolutionConfigurationPlatforms) = preSolution
		Debug|Any CPU = Debug|Any CPU
		Release|Any CPU = Release|Any CPU
	EndGlobalSection
	GlobalSection(ProjectConfigurationPlatforms) = postSolution
		{B4FEE75E-F1EC-4309-8B54-B4556D336A3E}.Debug|Any CPU.ActiveCfg = Debug|Any CPU
		{B4FEE75E-F1EC-4309-8B54-B4556D336A3E}.Debug|Any CPU.Build.0 = Debug|Any CPU
		{B4FEE75E-F1EC-4309-8B54-B4556D336A3E}.Release|Any CPU.ActiveCfg = Release|Any CPU
		{B4FEE75E-F1EC-4309-8B54-B4556D336A3E}.Release|Any CPU.Build.0 = Release|Any CPU
	EndGlobalSection
	GlobalSection(SolutionProperties) = preSolution
		HideSolutionNode = FALSE
	EndGlobalSection
	GlobalSection(ExtensibilityGlobals) = postSolution
		SolutionGuid = {8980B1FA-093C-4B07-9A7D-33E67B093E8F}
	EndGlobalSection
EndGlobal
